// !$*UTF8*$!
{
	archiveVersion = 1;
	classes = {
	};
	objectVersion = 77;
	objects = {

/* Begin PBXContainerItemProxy section */
		72324A472ECD2FF600B4339F /* PBXContainerItemProxy */ = {
			isa = PBXContainerItemProxy;
			containerPortal = 72324A2F2ECD2FF400B4339F /* Project object */;
			proxyType = 1;
			remoteGlobalIDString = 72324A362ECD2FF400B4339F;
			remoteInfo = VeryGoodCoffee;
		};
		72324A512ECD2FF600B4339F /* PBXContainerItemProxy */ = {
			isa = PBXContainerItemProxy;
			containerPortal = 72324A2F2ECD2FF400B4339F /* Project object */;
			proxyType = 1;
			remoteGlobalIDString = 72324A362ECD2FF400B4339F;
			remoteInfo = VeryGoodCoffee;
		};
/* End PBXContainerItemProxy section */

/* Begin PBXFileReference section */
		72324A372ECD2FF400B4339F /* VeryGoodCoffee.app */ = {isa = PBXFileReference; explicitFileType = wrapper.application; includeInIndex = 0; path = VeryGoodCoffee.app; sourceTree = BUILT_PRODUCTS_DIR; };
		72324A462ECD2FF600B4339F /* VeryGoodCoffeeTests.xctest */ = {isa = PBXFileReference; explicitFileType = wrapper.cfbundle; includeInIndex = 0; path = VeryGoodCoffeeTests.xctest; sourceTree = BUILT_PRODUCTS_DIR; };
		72324A502ECD2FF600B4339F /* VeryGoodCoffeeUITests.xctest */ = {isa = PBXFileReference; explicitFileType = wrapper.cfbundle; includeInIndex = 0; path = VeryGoodCoffeeUITests.xctest; sourceTree = BUILT_PRODUCTS_DIR; };
/* End PBXFileReference section */

/* Begin PBXFileSystemSynchronizedRootGroup section */
		72324A392ECD2FF400B4339F /* VeryGoodCoffee */ = {
			isa = PBXFileSystemSynchronizedRootGroup;
			path = VeryGoodCoffee;
			sourceTree = "<group>";
		};
		72324A492ECD2FF600B4339F /* VeryGoodCoffeeTests */ = {
			isa = PBXFileSystemSynchronizedRootGroup;
			path = VeryGoodCoffeeTests;
			sourceTree = "<group>";
		};
		72324A532ECD2FF600B4339F /* VeryGoodCoffeeUITests */ = {
			isa = PBXFileSystemSynchronizedRootGroup;
			path = VeryGoodCoffeeUITests;
			sourceTree = "<group>";
		};
/* End PBXFileSystemSynchronizedRootGroup section */

/* Begin PBXFrameworksBuildPhase section */
		72324A342ECD2FF400B4339F /* Frameworks */ = {
			isa = PBXFrameworksBuildPhase;
			buildActionMask = 2147483647;
			files = (
			);
			runOnlyForDeploymentPostprocessing = 0;
		};
		72324A432ECD2FF600B4339F /* Frameworks */ = {
			isa = PBXFrameworksBuildPhase;
			buildActionMask = 2147483647;
			files = (
			);
			runOnlyForDeploymentPostprocessing = 0;
		};
		72324A4D2ECD2FF600B4339F /* Frameworks */ = {
			isa = PBXFrameworksBuildPhase;
			buildActionMask = 2147483647;
			files = (
			);
			runOnlyForDeploymentPostprocessing = 0;
		};
/* End PBXFrameworksBuildPhase section */

/* Begin PBXGroup section */
		72324A2E2ECD2FF400B4339F = {
			isa = PBXGroup;
			children = (
				72324A392ECD2FF400B4339F /* VeryGoodCoffee */,
				72324A492ECD2FF600B4339F /* VeryGoodCoffeeTests */,
				72324A532ECD2FF600B4339F /* VeryGoodCoffeeUITests */,
				72324A382ECD2FF400B4339F /* Products */,
			);
			sourceTree = "<group>";
		};
		72324A382ECD2FF400B4339F /* Products */ = {
			isa = PBXGroup;
			children = (
				72324A372ECD2FF400B4339F /* VeryGoodCoffee.app */,
				72324A462ECD2FF600B4339F /* VeryGoodCoffeeTests.xctest */,
				72324A502ECD2FF600B4339F /* VeryGoodCoffeeUITests.xctest */,
			);
			name = Products;
			sourceTree = "<group>";
		};
/* End PBXGroup section */

/* Begin PBXNativeTarget section */
		72324A362ECD2FF400B4339F /* VeryGoodCoffee */ = {
			isa = PBXNativeTarget;
			buildConfigurationList = 72324A5A2ECD2FF600B4339F /* Build configuration list for PBXNativeTarget "VeryGoodCoffee" */;
			buildPhases = (
				72324A332ECD2FF400B4339F /* Sources */,
				72324A342ECD2FF400B4339F /* Frameworks */,
				72324A352ECD2FF400B4339F /* Resources */,
			);
			buildRules = (
			);
			dependencies = (
			);
			fileSystemSynchronizedGroups = (
				72324A392ECD2FF400B4339F /* VeryGoodCoffee */,
			);
			name = VeryGoodCoffee;
			packageProductDependencies = (
			);
			productName = VeryGoodCoffee;
			productReference = 72324A372ECD2FF400B4339F /* VeryGoodCoffee.app */;
			productType = "com.apple.product-type.application";
		};
		72324A452ECD2FF600B4339F /* VeryGoodCoffeeTests */ = {
			isa = PBXNativeTarget;
			buildConfigurationList = 72324A5D2ECD2FF600B4339F /* Build configuration list for PBXNativeTarget "VeryGoodCoffeeTests" */;
			buildPhases = (
				72324A422ECD2FF600B4339F /* Sources */,
				72324A432ECD2FF600B4339F /* Frameworks */,
				72324A442ECD2FF600B4339F /* Resources */,
			);
			buildRules = (
			);
			dependencies = (
				72324A482ECD2FF600B4339F /* PBXTargetDependency */,
			);
			fileSystemSynchronizedGroups = (
				72324A492ECD2FF600B4339F /* VeryGoodCoffeeTests */,
			);
			name = VeryGoodCoffeeTests;
			packageProductDependencies = (
			);
			productName = VeryGoodCoffeeTests;
			productReference = 72324A462ECD2FF600B4339F /* VeryGoodCoffeeTests.xctest */;
			productType = "com.apple.product-type.bundle.unit-test";
		};
		72324A4F2ECD2FF600B4339F /* VeryGoodCoffeeUITests */ = {
			isa = PBXNativeTarget;
			buildConfigurationList = 72324A602ECD2FF600B4339F /* Build configuration list for PBXNativeTarget "VeryGoodCoffeeUITests" */;
			buildPhases = (
				72324A4C2ECD2FF600B4339F /* Sources */,
				72324A4D2ECD2FF600B4339F /* Frameworks */,
				72324A4E2ECD2FF600B4339F /* Resources */,
			);
			buildRules = (
			);
			dependencies = (
				72324A522ECD2FF600B4339F /* PBXTargetDependency */,
			);
			fileSystemSynchronizedGroups = (
				72324A532ECD2FF600B4339F /* VeryGoodCoffeeUITests */,
			);
			name = VeryGoodCoffeeUITests;
			packageProductDependencies = (
			);
			productName = VeryGoodCoffeeUITests;
			productReference = 72324A502ECD2FF600B4339F /* VeryGoodCoffeeUITests.xctest */;
			productType = "com.apple.product-type.bundle.ui-testing";
		};
/* End PBXNativeTarget section */

/* Begin PBXProject section */
		72324A2F2ECD2FF400B4339F /* Project object */ = {
			isa = PBXProject;
			attributes = {
				BuildIndependentTargetsInParallel = 1;
				LastSwiftUpdateCheck = 2610;
				LastUpgradeCheck = 2610;
				TargetAttributes = {
					72324A362ECD2FF400B4339F = {
						CreatedOnToolsVersion = 26.1.1;
					};
					72324A452ECD2FF600B4339F = {
						CreatedOnToolsVersion = 26.1.1;
						TestTargetID = 72324A362ECD2FF400B4339F;
					};
					72324A4F2ECD2FF600B4339F = {
						CreatedOnToolsVersion = 26.1.1;
						TestTargetID = 72324A362ECD2FF400B4339F;
					};
				};
			};
			buildConfigurationList = 72324A322ECD2FF400B4339F /* Build configuration list for PBXProject "VeryGoodCoffee" */;
			developmentRegion = en;
			hasScannedForEncodings = 0;
			knownRegions = (
				en,
				Base,
			);
			mainGroup = 72324A2E2ECD2FF400B4339F;
			minimizedProjectReferenceProxies = 1;
			preferredProjectObjectVersion = 77;
			productRefGroup = 72324A382ECD2FF400B4339F /* Products */;
			projectDirPath = "";
			projectRoot = "";
			targets = (
				72324A362ECD2FF400B4339F /* VeryGoodCoffee */,
				72324A452ECD2FF600B4339F /* VeryGoodCoffeeTests */,
				72324A4F2ECD2FF600B4339F /* VeryGoodCoffeeUITests */,
			);
		};
/* End PBXProject section */

/* Begin PBXResourcesBuildPhase section */
		72324A352ECD2FF400B4339F /* Resources */ = {
			isa = PBXResourcesBuildPhase;
			buildActionMask = 2147483647;
			files = (
			);
			runOnlyForDeploymentPostprocessing = 0;
		};
		72324A442ECD2FF600B4339F /* Resources */ = {
			isa = PBXResourcesBuildPhase;
			buildActionMask = 2147483647;
			files = (
			);
			runOnlyForDeploymentPostprocessing = 0;
		};
		72324A4E2ECD2FF600B4339F /* Resources */ = {
			isa = PBXResourcesBuildPhase;
			buildActionMask = 2147483647;
			files = (
			);
			runOnlyForDeploymentPostprocessing = 0;
		};
/* End PBXResourcesBuildPhase section */

/* Begin PBXSourcesBuildPhase section */
		72324A332ECD2FF400B4339F /* Sources */ = {
			isa = PBXSourcesBuildPhase;
			buildActionMask = 2147483647;
			files = (
			);
			runOnlyForDeploymentPostprocessing = 0;
		};
		72324A422ECD2FF600B4339F /* Sources */ = {
			isa = PBXSourcesBuildPhase;
			buildActionMask = 2147483647;
			files = (
			);
			runOnlyForDeploymentPostprocessing = 0;
		};
		72324A4C2ECD2FF600B4339F /* Sources */ = {
			isa = PBXSourcesBuildPhase;
			buildActionMask = 2147483647;
			files = (
			);
			runOnlyForDeploymentPostprocessing = 0;
		};
/* End PBXSourcesBuildPhase section */

/* Begin PBXTargetDependency section */
		72324A482ECD2FF600B4339F /* PBXTargetDependency */ = {
			isa = PBXTargetDependency;
			target = 72324A362ECD2FF400B4339F /* VeryGoodCoffee */;
			targetProxy = 72324A472ECD2FF600B4339F /* PBXContainerItemProxy */;
		};
		72324A522ECD2FF600B4339F /* PBXTargetDependency */ = {
			isa = PBXTargetDependency;
			target = 72324A362ECD2FF400B4339F /* VeryGoodCoffee */;
			targetProxy = 72324A512ECD2FF600B4339F /* PBXContainerItemProxy */;
		};
/* End PBXTargetDependency section */

/* Begin XCBuildConfiguration section */
		72324A582ECD2FF600B4339F /* Debug */ = {
			isa = XCBuildConfiguration;
			buildSettings = {
				ALWAYS_SEARCH_USER_PATHS = NO;
				ASSETCATALOG_COMPILER_GENERATE_SWIFT_ASSET_SYMBOL_EXTENSIONS = YES;
				CLANG_ANALYZER_NONNULL = YES;
				CLANG_ANALYZER_NUMBER_OBJECT_CONVERSION = YES_AGGRESSIVE;
				CLANG_CXX_LANGUAGE_STANDARD = "gnu++20";
				CLANG_ENABLE_MODULES = YES;
				CLANG_ENABLE_OBJC_ARC = YES;
				CLANG_ENABLE_OBJC_WEAK = YES;
				CLANG_WARN_BLOCK_CAPTURE_AUTORELEASING = YES;
				CLANG_WARN_BOOL_CONVERSION = YES;
				CLANG_WARN_COMMA = YES;
				CLANG_WARN_CONSTANT_CONVERSION = YES;
				CLANG_WARN_DEPRECATED_OBJC_IMPLEMENTATIONS = YES;
				CLANG_WARN_DIRECT_OBJC_ISA_USAGE = YES_ERROR;
				CLANG_WARN_DOCUMENTATION_COMMENTS = YES;
				CLANG_WARN_EMPTY_BODY = YES;
				CLANG_WARN_ENUM_CONVERSION = YES;
				CLANG_WARN_INFINITE_RECURSION = YES;
				CLANG_WARN_INT_CONVERSION = YES;
				CLANG_WARN_NON_LITERAL_NULL_CONVERSION = YES;
				CLANG_WARN_OBJC_IMPLICIT_RETAIN_SELF = YES;
				CLANG_WARN_OBJC_LITERAL_CONVERSION = YES;
				CLANG_WARN_OBJC_ROOT_CLASS = YES_ERROR;
				CLANG_WARN_QUOTED_INCLUDE_IN_FRAMEWORK_HEADER = YES;
				CLANG_WARN_RANGE_LOOP_ANALYSIS = YES;
				CLANG_WARN_STRICT_PROTOTYPES = YES;
				CLANG_WARN_SUSPICIOUS_MOVE = YES;
				CLANG_WARN_UNGUARDED_AVAILABILITY = YES_AGGRESSIVE;
				CLANG_WARN_UNREACHABLE_CODE = YES;
				CLANG_WARN__DUPLICATE_METHOD_MATCH = YES;
				COPY_PHASE_STRIP = NO;
				DEBUG_INFORMATION_FORMAT = dwarf;
				DEVELOPMENT_TEAM = TSL9RRYSR6;
				ENABLE_STRICT_OBJC_MSGSEND = YES;
				ENABLE_TESTABILITY = YES;
				ENABLE_USER_SCRIPT_SANDBOXING = YES;
				GCC_C_LANGUAGE_STANDARD = gnu17;
				GCC_DYNAMIC_NO_PIC = NO;
				GCC_NO_COMMON_BLOCKS = YES;
				GCC_OPTIMIZATION_LEVEL = 0;
				GCC_PREPROCESSOR_DEFINITIONS = (
					"DEBUG=1",
					"$(inherited)",
				);
				GCC_WARN_64_TO_32_BIT_CONVERSION = YES;
				GCC_WARN_ABOUT_RETURN_TYPE = YES_ERROR;
				GCC_WARN_UNDECLARED_SELECTOR = YES;
				GCC_WARN_UNINITIALIZED_AUTOS = YES_AGGRESSIVE;
				GCC_WARN_UNUSED_FUNCTION = YES;
				GCC_WARN_UNUSED_VARIABLE = YES;
				IPHONEOS_DEPLOYMENT_TARGET = 26.1;
				LOCALIZATION_PREFERS_STRING_CATALOGS = YES;
				MTL_ENABLE_DEBUG_INFO = INCLUDE_SOURCE;
				MTL_FAST_MATH = YES;
				ONLY_ACTIVE_ARCH = YES;
				SDKROOT = iphoneos;
				SWIFT_ACTIVE_COMPILATION_CONDITIONS = "DEBUG $(inherited)";
				SWIFT_OPTIMIZATION_LEVEL = "-Onone";
			};
			name = Debug;
		};
		72324A592ECD2FF600B4339F /* Release */ = {
			isa = XCBuildConfiguration;
			buildSettings = {
				ALWAYS_SEARCH_USER_PATHS = NO;
				ASSETCATALOG_COMPILER_GENERATE_SWIFT_ASSET_SYMBOL_EXTENSIONS = YES;
				CLANG_ANALYZER_NONNULL = YES;
				CLANG_ANALYZER_NUMBER_OBJECT_CONVERSION = YES_AGGRESSIVE;
				CLANG_CXX_LANGUAGE_STANDARD = "gnu++20";
				CLANG_ENABLE_MODULES = YES;
				CLANG_ENABLE_OBJC_ARC = YES;
				CLANG_ENABLE_OBJC_WEAK = YES;
				CLANG_WARN_BLOCK_CAPTURE_AUTORELEASING = YES;
				CLANG_WARN_BOOL_CONVERSION = YES;
				CLANG_WARN_COMMA = YES;
				CLANG_WARN_CONSTANT_CONVERSION = YES;
				CLANG_WARN_DEPRECATED_OBJC_IMPLEMENTATIONS = YES;
				CLANG_WARN_DIRECT_OBJC_ISA_USAGE = YES_ERROR;
				CLANG_WARN_DOCUMENTATION_COMMENTS = YES;
				CLANG_WARN_EMPTY_BODY = YES;
				CLANG_WARN_ENUM_CONVERSION = YES;
				CLANG_WARN_INFINITE_RECURSION = YES;
				CLANG_WARN_INT_CONVERSION = YES;
				CLANG_WARN_NON_LITERAL_NULL_CONVERSION = YES;
				CLANG_WARN_OBJC_IMPLICIT_RETAIN_SELF = YES;
				CLANG_WARN_OBJC_LITERAL_CONVERSION = YES;
				CLANG_WARN_OBJC_ROOT_CLASS = YES_ERROR;
				CLANG_WARN_QUOTED_INCLUDE_IN_FRAMEWORK_HEADER = YES;
				CLANG_WARN_RANGE_LOOP_ANALYSIS = YES;
				CLANG_WARN_STRICT_PROTOTYPES = YES;
				CLANG_WARN_SUSPICIOUS_MOVE = YES;
				CLANG_WARN_UNGUARDED_AVAILABILITY = YES_AGGRESSIVE;
				CLANG_WARN_UNREACHABLE_CODE = YES;
				CLANG_WARN__DUPLICATE_METHOD_MATCH = YES;
				COPY_PHASE_STRIP = NO;
				DEBUG_INFORMATION_FORMAT = "dwarf-with-dsym";
				DEVELOPMENT_TEAM = TSL9RRYSR6;
				ENABLE_NS_ASSERTIONS = NO;
				ENABLE_STRICT_OBJC_MSGSEND = YES;
				ENABLE_USER_SCRIPT_SANDBOXING = YES;
				GCC_C_LANGUAGE_STANDARD = gnu17;
				GCC_NO_COMMON_BLOCKS = YES;
				GCC_WARN_64_TO_32_BIT_CONVERSION = YES;
				GCC_WARN_ABOUT_RETURN_TYPE = YES_ERROR;
				GCC_WARN_UNDECLARED_SELECTOR = YES;
				GCC_WARN_UNINITIALIZED_AUTOS = YES_AGGRESSIVE;
				GCC_WARN_UNUSED_FUNCTION = YES;
				GCC_WARN_UNUSED_VARIABLE = YES;
				IPHONEOS_DEPLOYMENT_TARGET = 26.1;
				LOCALIZATION_PREFERS_STRING_CATALOGS = YES;
				MTL_ENABLE_DEBUG_INFO = NO;
				MTL_FAST_MATH = YES;
				SDKROOT = iphoneos;
				SWIFT_COMPILATION_MODE = wholemodule;
				VALIDATE_PRODUCT = YES;
			};
			name = Release;
		};
		72324A5B2ECD2FF600B4339F /* Debug */ = {
			isa = XCBuildConfiguration;
			buildSettings = {
				ASSETCATALOG_COMPILER_APPICON_NAME = AppIcon;
				ASSETCATALOG_COMPILER_GLOBAL_ACCENT_COLOR_NAME = AccentColor;
				CODE_SIGN_STYLE = Automatic;
				CURRENT_PROJECT_VERSION = 1;
				DEVELOPMENT_TEAM = TSL9RRYSR6;
				ENABLE_PREVIEWS = YES;
				GENERATE_INFOPLIST_FILE = YES;
				INFOPLIST_KEY_UIApplicationSceneManifest_Generation = YES;
				INFOPLIST_KEY_UIApplicationSupportsIndirectInputEvents = YES;
				INFOPLIST_KEY_UILaunchScreen_Generation = YES;
				INFOPLIST_KEY_UISupportedInterfaceOrientations = UIInterfaceOrientationPortrait;
				IPHONEOS_DEPLOYMENT_TARGET = 18.6;
				LD_RUNPATH_SEARCH_PATHS = (
					"$(inherited)",
					"@executable_path/Frameworks",
				);
				MARKETING_VERSION = 1.0;
				PRODUCT_BUNDLE_IDENTIFIER = com.GabrielMaciel.VeryGoodCoffee;
				PRODUCT_NAME = "$(TARGET_NAME)";
				STRING_CATALOG_GENERATE_SYMBOLS = YES;
				SWIFT_APPROACHABLE_CONCURRENCY = YES;
				SWIFT_DEFAULT_ACTOR_ISOLATION = MainActor;
				SWIFT_EMIT_LOC_STRINGS = YES;
				SWIFT_UPCOMING_FEATURE_MEMBER_IMPORT_VISIBILITY = YES;
				SWIFT_VERSION = 5.0;
				TARGETED_DEVICE_FAMILY = "1,2";
			};
			name = Debug;
		};
		72324A5C2ECD2FF600B4339F /* Release */ = {
			isa = XCBuildConfiguration;
			buildSettings = {
				ASSETCATALOG_COMPILER_APPICON_NAME = AppIcon;
				ASSETCATALOG_COMPILER_GLOBAL_ACCENT_COLOR_NAME = AccentColor;
				CODE_SIGN_STYLE = Automatic;
				CURRENT_PROJECT_VERSION = 1;
				DEVELOPMENT_TEAM = TSL9RRYSR6;
				ENABLE_PREVIEWS = YES;
				GENERATE_INFOPLIST_FILE = YES;
				INFOPLIST_KEY_UIApplicationSceneManifest_Generation = YES;
				INFOPLIST_KEY_UIApplicationSupportsIndirectInputEvents = YES;
				INFOPLIST_KEY_UILaunchScreen_Generation = YES;
				INFOPLIST_KEY_UISupportedInterfaceOrientations = UIInterfaceOrientationPortrait;
				IPHONEOS_DEPLOYMENT_TARGET = 18.6;
				LD_RUNPATH_SEARCH_PATHS = (
					"$(inherited)",
					"@executable_path/Frameworks",
				);
				MARKETING_VERSION = 1.0;
				PRODUCT_BUNDLE_IDENTIFIER = com.GabrielMaciel.VeryGoodCoffee;
				PRODUCT_NAME = "$(TARGET_NAME)";
				STRING_CATALOG_GENERATE_SYMBOLS = YES;
				SWIFT_APPROACHABLE_CONCURRENCY = YES;
				SWIFT_DEFAULT_ACTOR_ISOLATION = MainActor;
				SWIFT_EMIT_LOC_STRINGS = YES;
				SWIFT_UPCOMING_FEATURE_MEMBER_IMPORT_VISIBILITY = YES;
				SWIFT_VERSION = 5.0;
				TARGETED_DEVICE_FAMILY = "1,2";
			};
			name = Release;
		};
		72324A5E2ECD2FF600B4339F /* Debug */ = {
			isa = XCBuildConfiguration;
			buildSettings = {
				BUNDLE_LOADER = "$(TEST_HOST)";
				CODE_SIGN_STYLE = Automatic;
				CURRENT_PROJECT_VERSION = 1;
				DEVELOPMENT_TEAM = TSL9RRYSR6;
				GENERATE_INFOPLIST_FILE = YES;
				IPHONEOS_DEPLOYMENT_TARGET = 26.1;
				MARKETING_VERSION = 1.0;
				PRODUCT_BUNDLE_IDENTIFIER = com.GabrielMaciel.VeryGoodCoffeeTests;
				PRODUCT_NAME = "$(TARGET_NAME)";
				STRING_CATALOG_GENERATE_SYMBOLS = NO;
				SWIFT_APPROACHABLE_CONCURRENCY = YES;
				SWIFT_EMIT_LOC_STRINGS = NO;
				SWIFT_UPCOMING_FEATURE_MEMBER_IMPORT_VISIBILITY = YES;
				SWIFT_VERSION = 5.0;
				TARGETED_DEVICE_FAMILY = "1,2";
				TEST_HOST = "$(BUILT_PRODUCTS_DIR)/VeryGoodCoffee.app/$(BUNDLE_EXECUTABLE_FOLDER_PATH)/VeryGoodCoffee";
			};
			name = Debug;
		};
		72324A5F2ECD2FF600B4339F /* Release */ = {
			isa = XCBuildConfiguration;
			buildSettings = {
				BUNDLE_LOADER = "$(TEST_HOST)";
				CODE_SIGN_STYLE = Automatic;
				CURRENT_PROJECT_VERSION = 1;
				DEVELOPMENT_TEAM = TSL9RRYSR6;
				GENERATE_INFOPLIST_FILE = YES;
				IPHONEOS_DEPLOYMENT_TARGET = 26.1;
				MARKETING_VERSION = 1.0;
				PRODUCT_BUNDLE_IDENTIFIER = com.GabrielMaciel.VeryGoodCoffeeTests;
				PRODUCT_NAME = "$(TARGET_NAME)";
				STRING_CATALOG_GENERATE_SYMBOLS = NO;
				SWIFT_APPROACHABLE_CONCURRENCY = YES;
				SWIFT_EMIT_LOC_STRINGS = NO;
				SWIFT_UPCOMING_FEATURE_MEMBER_IMPORT_VISIBILITY = YES;
				SWIFT_VERSION = 5.0;
				TARGETED_DEVICE_FAMILY = "1,2";
				TEST_HOST = "$(BUILT_PRODUCTS_DIR)/VeryGoodCoffee.app/$(BUNDLE_EXECUTABLE_FOLDER_PATH)/VeryGoodCoffee";
			};
			name = Release;
		};
		72324A612ECD2FF600B4339F /* Debug */ = {
			isa = XCBuildConfiguration;
			buildSettings = {
				CODE_SIGN_STYLE = Automatic;
				CURRENT_PROJECT_VERSION = 1;
				DEVELOPMENT_TEAM = TSL9RRYSR6;
				GENERATE_INFOPLIST_FILE = YES;
				MARKETING_VERSION = 1.0;
				PRODUCT_BUNDLE_IDENTIFIER = com.GabrielMaciel.VeryGoodCoffeeUITests;
				PRODUCT_NAME = "$(TARGET_NAME)";
				STRING_CATALOG_GENERATE_SYMBOLS = NO;
				SWIFT_APPROACHABLE_CONCURRENCY = YES;
				SWIFT_EMIT_LOC_STRINGS = NO;
				SWIFT_UPCOMING_FEATURE_MEMBER_IMPORT_VISIBILITY = YES;
				SWIFT_VERSION = 5.0;
				TARGETED_DEVICE_FAMILY = "1,2";
				TEST_TARGET_NAME = VeryGoodCoffee;
			};
			name = Debug;
		};
		72324A622ECD2FF600B4339F /* Release */ = {
			isa = XCBuildConfiguration;
			buildSettings = {
				CODE_SIGN_STYLE = Automatic;
				CURRENT_PROJECT_VERSION = 1;
				DEVELOPMENT_TEAM = TSL9RRYSR6;
				GENERATE_INFOPLIST_FILE = YES;
				MARKETING_VERSION = 1.0;
				PRODUCT_BUNDLE_IDENTIFIER = com.GabrielMaciel.VeryGoodCoffeeUITests;
				PRODUCT_NAME = "$(TARGET_NAME)";
				STRING_CATALOG_GENERATE_SYMBOLS = NO;
				SWIFT_APPROACHABLE_CONCURRENCY = YES;
				SWIFT_EMIT_LOC_STRINGS = NO;
				SWIFT_UPCOMING_FEATURE_MEMBER_IMPORT_VISIBILITY = YES;
				SWIFT_VERSION = 5.0;
				TARGETED_DEVICE_FAMILY = "1,2";
				TEST_TARGET_NAME = VeryGoodCoffee;
			};
			name = Release;
		};
/* End XCBuildConfiguration section */

/* Begin XCConfigurationList section */
		72324A322ECD2FF400B4339F /* Build configuration list for PBXProject "VeryGoodCoffee" */ = {
			isa = XCConfigurationList;
			buildConfigurations = (
				72324A582ECD2FF600B4339F /* Debug */,
				72324A592ECD2FF600B4339F /* Release */,
			);
			defaultConfigurationIsVisible = 0;
			defaultConfigurationName = Release;
		};
		72324A5A2ECD2FF600B4339F /* Build configuration list for PBXNativeTarget "VeryGoodCoffee" */ = {
			isa = XCConfigurationList;
			buildConfigurations = (
				72324A5B2ECD2FF600B4339F /* Debug */,
				72324A5C2ECD2FF600B4339F /* Release */,
			);
			defaultConfigurationIsVisible = 0;
			defaultConfigurationName = Release;
		};
		72324A5D2ECD2FF600B4339F /* Build configuration list for PBXNativeTarget "VeryGoodCoffeeTests" */ = {
			isa = XCConfigurationList;
			buildConfigurations = (
				72324A5E2ECD2FF600B4339F /* Debug */,
				72324A5F2ECD2FF600B4339F /* Release */,
			);
			defaultConfigurationIsVisible = 0;
			defaultConfigurationName = Release;
		};
		72324A602ECD2FF600B4339F /* Build configuration list for PBXNativeTarget "VeryGoodCoffeeUITests" */ = {
			isa = XCConfigurationList;
			buildConfigurations = (
				72324A612ECD2FF600B4339F /* Debug */,
				72324A622ECD2FF600B4339F /* Release */,
			);
			defaultConfigurationIsVisible = 0;
			defaultConfigurationName = Release;
		};
/* End XCConfigurationList section */
	};
	rootObject = 72324A2F2ECD2FF400B4339F /* Project object */;
}
